<?xml version="1.0" encoding="utf-8"?>
<Project ToolsVersion="4.0" xmlns="http://schemas.microsoft.com/developer/msbuild/2003">
  <ItemGroup>
    <Filter Include="Bin">
      <UniqueIdentifier>{6A396EE7-D83F-461B-8486-526F2CD1BF45}</UniqueIdentifier>
    </Filter>
    <Filter Include="Bin\Debug">
      <UniqueIdentifier>{B38608D3-AD37-4A91-847F-F063287787B7}</UniqueIdentifier>
    </Filter>
    <Filter Include="Bin\Intermediate">
      <UniqueIdentifier>{6ECFC0D6-46C1-47BE-A52F-38D9B9571D01}</UniqueIdentifier>
    </Filter>
    <Filter Include="Bin\Intermediate\Debug">
      <UniqueIdentifier>{5AFE6265-C12D-4AAA-92AC-AB4044C3596D}</UniqueIdentifier>
    </Filter>
    <Filter Include="Bin\Intermediate\Debug\GE3_GameEngine.tlog">
      <UniqueIdentifier>{B3ADF5EC-11D3-4500-8DEF-FB1CFC818DED}</UniqueIdentifier>
    </Filter>
    <Filter Include="Bin\Intermediate\Release">
      <UniqueIdentifier>{CC063FE9-1AC2-45B2-B786-149851F97EF4}</UniqueIdentifier>
    </Filter>
    <Filter Include="Bin\Intermediate\Release\GE3_GameEngine.tlog">
      <UniqueIdentifier>{A7251ED6-5DEB-42BF-9FA2-8B2A133B7A74}</UniqueIdentifier>
    </Filter>
    <Filter Include="Bin\Release">
      <UniqueIdentifier>{774C239C-8A63-45AF-8DCD-6E3D1C8E8C11}</UniqueIdentifier>
    </Filter>
    <Filter Include="Resources">
      <UniqueIdentifier>{68D4F202-DF36-41AE-B795-2559B6F98B14}</UniqueIdentifier>
    </Filter>
    <Filter Include="Resources\Shaders">
      <UniqueIdentifier>{0F8B6A1D-A82C-44C9-A66D-5127194E3653}</UniqueIdentifier>
    </Filter>
    <Filter Include="Source">
      <UniqueIdentifier>{CE6CC7A3-C3F4-4DAD-BEC8-AF2614E424AF}</UniqueIdentifier>
    </Filter>
    <Filter Include="Source\Engine">
      <UniqueIdentifier>{5E249960-B0D6-4854-8950-1EF7E142D808}</UniqueIdentifier>
    </Filter>
    <Filter Include="Source\Engine\Camera">
      <UniqueIdentifier>{CC6DCCAA-EEF7-4595-80AE-8C6C653B38EB}</UniqueIdentifier>
    </Filter>
    <Filter Include="Source\Engine\Externals">
      <UniqueIdentifier>{85CCC4B8-B94F-4CEF-A244-276455A18EBA}</UniqueIdentifier>
    </Filter>
    <Filter Include="Source\Engine\Externals\DirectXTex">
      <UniqueIdentifier>{426983CF-3FC8-4DA0-A09E-305D70E09A84}</UniqueIdentifier>
    </Filter>
    <Filter Include="Source\Engine\Externals\DirectXTex\Bin">
      <UniqueIdentifier>{FCDB2D28-26C9-4488-96E1-03786894710C}</UniqueIdentifier>
    </Filter>
    <Filter Include="Source\Engine\Externals\DirectXTex\Bin\Desktop_2022_Win10">
      <UniqueIdentifier>{0999BB16-12A4-4854-A425-5C34E163B986}</UniqueIdentifier>
    </Filter>
    <Filter Include="Source\Engine\Externals\DirectXTex\Bin\Desktop_2022_Win10\x64">
      <UniqueIdentifier>{72165145-D1EE-4699-8A11-D52BBA319870}</UniqueIdentifier>
    </Filter>
    <Filter Include="Source\Engine\Externals\DirectXTex\Bin\Desktop_2022_Win10\x64\Debug">
      <UniqueIdentifier>{D30237D3-E694-40DB-86D8-1435645D0507}</UniqueIdentifier>
    </Filter>
    <Filter Include="Source\Engine\Externals\DirectXTex\Bin\Desktop_2022_Win10\x64\Debug\DirectXTex.tlog">
      <UniqueIdentifier>{A9A7A58C-D862-49B3-B74E-6F34751F1967}</UniqueIdentifier>
    </Filter>
    <Filter Include="Source\Engine\Externals\DirectXTex\Bin\Desktop_2022_Win10\x64\Release">
      <UniqueIdentifier>{F9336F64-74E6-43D8-9521-1D5BC00FC62E}</UniqueIdentifier>
    </Filter>
    <Filter Include="Source\Engine\Externals\DirectXTex\Bin\Desktop_2022_Win10\x64\Release\DirectXTex.tlog">
      <UniqueIdentifier>{9841BB74-EF63-4299-99D2-E07175C8309B}</UniqueIdentifier>
    </Filter>
    <Filter Include="Source\Engine\Externals\DirectXTex\Shaders">
      <UniqueIdentifier>{80AB2127-96F9-461D-9E7B-A657527DFE86}</UniqueIdentifier>
    </Filter>
    <Filter Include="Source\Engine\Externals\DirectXTex\Shaders\Compiled">
      <UniqueIdentifier>{94EC207F-E7CA-4AB3-B3D8-5AD0C8113A50}</UniqueIdentifier>
    </Filter>
    <Filter Include="Source\Engine\Externals\imgui">
      <UniqueIdentifier>{9895CA8C-B995-435E-A91C-4A6BA4E70D97}</UniqueIdentifier>
    </Filter>
    <Filter Include="Source\Engine\ImGuiManager">
      <UniqueIdentifier>{E14494E9-3DD7-42B8-ADE3-E0571BCB79CA}</UniqueIdentifier>
    </Filter>
    <Filter Include="Source\Engine\Input">
      <UniqueIdentifier>{EAF6FB3B-0537-45F0-AD1D-3A923438FA95}</UniqueIdentifier>
    </Filter>
    <Filter Include="Source\Engine\Lib">
      <UniqueIdentifier>{387C2B9E-867B-4B1B-ABB2-7C77E385C2B8}</UniqueIdentifier>
    </Filter>
    <Filter Include="Source\Engine\Lib\Console">
      <UniqueIdentifier>{69EC0528-C9F2-42BA-9F62-89C8C652BDE7}</UniqueIdentifier>
    </Filter>
    <Filter Include="Source\Engine\Lib\Math">
      <UniqueIdentifier>{6647FA3C-8F03-40A3-99BA-39728CDE2AE3}</UniqueIdentifier>
    </Filter>
    <Filter Include="Source\Engine\Lib\Math\Matrix">
      <UniqueIdentifier>{E9B80BB2-A1CD-406A-B2C8-08483E84E4EC}</UniqueIdentifier>
    </Filter>
    <Filter Include="Source\Engine\Lib\Math\Random">
      <UniqueIdentifier>{06534CB1-511C-4AB7-950B-9A3E83F32F21}</UniqueIdentifier>
    </Filter>
    <Filter Include="Source\Engine\Lib\Math\Vector">
      <UniqueIdentifier>{4A786656-DAA9-4133-9167-5820DAB0D9E6}</UniqueIdentifier>
    </Filter>
    <Filter Include="Source\Engine\Lib\Structs">
      <UniqueIdentifier>{9BC343C6-6AA6-4E6E-BD41-F259FECD4C89}</UniqueIdentifier>
    </Filter>
    <Filter Include="Source\Engine\Lib\Timer">
      <UniqueIdentifier>{B5306F6B-70A4-4231-AA6E-1536A5280AD5}</UniqueIdentifier>
    </Filter>
    <Filter Include="Source\Engine\Lib\Utils">
      <UniqueIdentifier>{810D6B75-A9DE-427B-A24F-F62DE7EF052A}</UniqueIdentifier>
    </Filter>
    <Filter Include="Source\Engine\Model">
      <UniqueIdentifier>{E65E7C43-0209-46EF-8934-A725E11B3217}</UniqueIdentifier>
    </Filter>
    <Filter Include="Source\Engine\Object3D">
      <UniqueIdentifier>{894D4FD8-97BC-4276-A8A2-BFAB6DFBBFC0}</UniqueIdentifier>
    </Filter>
    <Filter Include="Source\Engine\Objects">
      <UniqueIdentifier>{3631ABB7-D278-49C9-A415-CBCF5634345E}</UniqueIdentifier>
    </Filter>
    <Filter Include="Source\Engine\Particle">
      <UniqueIdentifier>{6A2DC38D-6E64-4166-871D-E7C17F933E84}</UniqueIdentifier>
    </Filter>
    <Filter Include="Source\Engine\Renderer">
      <UniqueIdentifier>{EC59F162-163D-48B2-A8EA-A04DA3275374}</UniqueIdentifier>
    </Filter>
    <Filter Include="Source\Engine\Sprite">
      <UniqueIdentifier>{2A89E8F6-9BA7-412A-BDCF-B95BC459EFEF}</UniqueIdentifier>
    </Filter>
    <Filter Include="Source\Engine\TextureManager">
      <UniqueIdentifier>{7645E35D-965A-48E5-BC06-C777327CA52A}</UniqueIdentifier>
    </Filter>
    <Filter Include="Source\Engine\Window">
      <UniqueIdentifier>{A598D643-3BFC-46F3-BE6B-8F2255EDADFA}</UniqueIdentifier>
    </Filter>
    <Filter Include="Source\Game">
      <UniqueIdentifier>{0887F467-2568-43AD-BA9B-FDAAE4E997AF}</UniqueIdentifier>
    </Filter>
    <Filter Include="Source\Game\Objects">
      <UniqueIdentifier>{03D47B15-9FF5-4C25-B20B-1CAC07032B8A}</UniqueIdentifier>
    </Filter>
  </ItemGroup>
  <ItemGroup>
    <ClInclude Include="Source\Engine\Engine.h">
      <Filter>Source\Engine</Filter>
    </ClInclude>
    <ClInclude Include="Source\Engine\Camera\Camera.h">
      <Filter>Source\Engine\Camera</Filter>
    </ClInclude>
    <ClInclude Include="Source\Engine\Externals\imgui\imconfig.h">
      <Filter>Source\Engine\Externals\imgui</Filter>
    </ClInclude>
    <ClInclude Include="Source\Engine\Externals\imgui\imgui.h">
      <Filter>Source\Engine\Externals\imgui</Filter>
    </ClInclude>
    <ClInclude Include="Source\Engine\Externals\imgui\imgui_impl_dx12.h">
      <Filter>Source\Engine\Externals\imgui</Filter>
    </ClInclude>
    <ClInclude Include="Source\Engine\Externals\imgui\imgui_impl_win32.h">
      <Filter>Source\Engine\Externals\imgui</Filter>
    </ClInclude>
    <ClInclude Include="Source\Engine\Externals\imgui\imgui_internal.h">
      <Filter>Source\Engine\Externals\imgui</Filter>
    </ClInclude>
    <ClInclude Include="Source\Engine\Externals\imgui\imstb_rectpack.h">
      <Filter>Source\Engine\Externals\imgui</Filter>
    </ClInclude>
    <ClInclude Include="Source\Engine\Externals\imgui\imstb_textedit.h">
      <Filter>Source\Engine\Externals\imgui</Filter>
    </ClInclude>
    <ClInclude Include="Source\Engine\Externals\imgui\imstb_truetype.h">
      <Filter>Source\Engine\Externals\imgui</Filter>
    </ClInclude>
    <ClInclude Include="Source\Engine\ImGuiManager\ImGuiManager.h">
      <Filter>Source\Engine\ImGuiManager</Filter>
    </ClInclude>
    <ClInclude Include="Source\Engine\Input\Input.h">
      <Filter>Source\Engine\Input</Filter>
    </ClInclude>
    <ClInclude Include="Source\Engine\Lib\Console\Console.h">
      <Filter>Source\Engine\Lib\Console</Filter>
    </ClInclude>
    <ClInclude Include="Source\Engine\Lib\Console\ConVar.h">
      <Filter>Source\Engine\Lib\Console</Filter>
    </ClInclude>
    <ClInclude Include="Source\Engine\Lib\Console\ConVarCache.h">
      <Filter>Source\Engine\Lib\Console</Filter>
    </ClInclude>
    <ClInclude Include="Source\Engine\Lib\Console\ConVarManager.h">
      <Filter>Source\Engine\Lib\Console</Filter>
    </ClInclude>
    <ClInclude Include="Source\Engine\Lib\Console\IConVar.h">
      <Filter>Source\Engine\Lib\Console</Filter>
    </ClInclude>
    <ClInclude Include="Source\Engine\Lib\Math\MathLib.h">
      <Filter>Source\Engine\Lib\Math</Filter>
    </ClInclude>
    <ClInclude Include="Source\Engine\Lib\Math\Matrix\Mat4.h">
      <Filter>Source\Engine\Lib\Math\Matrix</Filter>
    </ClInclude>
    <ClInclude Include="Source\Engine\Lib\Math\Random\Random.h">
      <Filter>Source\Engine\Lib\Math\Random</Filter>
    </ClInclude>
    <ClInclude Include="Source\Engine\Lib\Math\Vector\Vec2.h">
      <Filter>Source\Engine\Lib\Math\Vector</Filter>
    </ClInclude>
    <ClInclude Include="Source\Engine\Lib\Math\Vector\Vec3.h">
      <Filter>Source\Engine\Lib\Math\Vector</Filter>
    </ClInclude>
    <ClInclude Include="Source\Engine\Lib\Math\Vector\Vec4.h">
      <Filter>Source\Engine\Lib\Math\Vector</Filter>
    </ClInclude>
    <ClInclude Include="Source\Engine\Lib\Structs\Structs.h">
      <Filter>Source\Engine\Lib\Structs</Filter>
    </ClInclude>
    <ClInclude Include="Source\Engine\Lib\Timer\EngineTimer.h">
      <Filter>Source\Engine\Lib\Timer</Filter>
    </ClInclude>
    <ClInclude Include="Source\Engine\Lib\Utils\ClientProperties.h">
      <Filter>Source\Engine\Lib\Utils</Filter>
    </ClInclude>
    <ClInclude Include="Source\Engine\Lib\Utils\ConvertString.h">
      <Filter>Source\Engine\Lib\Utils</Filter>
    </ClInclude>
    <ClInclude Include="Source\Engine\Model\Model.h">
      <Filter>Source\Engine\Model</Filter>
    </ClInclude>
    <ClInclude Include="Source\Engine\Model\ModelCommon.h">
      <Filter>Source\Engine\Model</Filter>
    </ClInclude>
    <ClInclude Include="Source\Engine\Model\ModelManager.h">
      <Filter>Source\Engine\Model</Filter>
    </ClInclude>
    <ClInclude Include="Source\Engine\Object3D\Object3D.h">
      <Filter>Source\Engine\Object3D</Filter>
    </ClInclude>
    <ClInclude Include="Source\Engine\Object3D\Object3DCommon.h">
      <Filter>Source\Engine\Object3D</Filter>
    </ClInclude>
    <ClInclude Include="Source\Engine\Objects\Empty.h">
      <Filter>Source\Engine\Objects</Filter>
    </ClInclude>
    <ClInclude Include="Source\Engine\Particle\ParticleCommon.h">
      <Filter>Source\Engine\Particle</Filter>
    </ClInclude>
    <ClInclude Include="Source\Engine\Particle\ParticleObject.h">
      <Filter>Source\Engine\Particle</Filter>
    </ClInclude>
    <ClInclude Include="Source\Engine\Renderer\ConstantBuffer.h">
      <Filter>Source\Engine\Renderer</Filter>
    </ClInclude>
    <ClInclude Include="Source\Engine\Renderer\D3D12.h">
      <Filter>Source\Engine\Renderer</Filter>
    </ClInclude>
    <ClInclude Include="Source\Engine\Renderer\DescriptorManager.h">
      <Filter>Source\Engine\Renderer</Filter>
    </ClInclude>
    <ClInclude Include="Source\Engine\Renderer\DirectX12.h">
      <Filter>Source\Engine\Renderer</Filter>
    </ClInclude>
    <ClInclude Include="Source\Engine\Renderer\IndexBuffer.h">
      <Filter>Source\Engine\Renderer</Filter>
    </ClInclude>
    <ClInclude Include="Source\Engine\Renderer\PipelineState.h">
      <Filter>Source\Engine\Renderer</Filter>
    </ClInclude>
    <ClInclude Include="Source\Engine\Renderer\Renderer.h">
      <Filter>Source\Engine\Renderer</Filter>
    </ClInclude>
    <ClInclude Include="Source\Engine\Renderer\RootSignature.h">
      <Filter>Source\Engine\Renderer</Filter>
    </ClInclude>
    <ClInclude Include="Source\Engine\Renderer\RootSignatureManager.h">
      <Filter>Source\Engine\Renderer</Filter>
    </ClInclude>
    <ClInclude Include="Source\Engine\Renderer\SrvManager.h">
      <Filter>Source\Engine\Renderer</Filter>
    </ClInclude>
    <ClInclude Include="Source\Engine\Renderer\Swapchain.h">
      <Filter>Source\Engine\Renderer</Filter>
    </ClInclude>
    <ClInclude Include="Source\Engine\Renderer\VertexBuffer.h">
      <Filter>Source\Engine\Renderer</Filter>
    </ClInclude>
    <ClInclude Include="Source\Engine\Sprite\Sprite.h">
      <Filter>Source\Engine\Sprite</Filter>
    </ClInclude>
    <ClInclude Include="Source\Engine\Sprite\SpriteCommon.h">
      <Filter>Source\Engine\Sprite</Filter>
    </ClInclude>
    <ClInclude Include="Source\Engine\TextureManager\TextureManager.h">
      <Filter>Source\Engine\TextureManager</Filter>
    </ClInclude>
    <ClInclude Include="Source\Engine\Window\Window.h">
      <Filter>Source\Engine\Window</Filter>
    </ClInclude>
    <ClInclude Include="Source\Engine\Window\WindowsUtils.h">
      <Filter>Source\Engine\Window</Filter>
    </ClInclude>
    <ClInclude Include="Source\Game\GameScene.h">
      <Filter>Source\Game</Filter>
    </ClInclude>
    <ClInclude Include="Source\Game\IGameScene.h">
      <Filter>Source\Game</Filter>
    </ClInclude>
  </ItemGroup>
  <ItemGroup>
    <ClCompile Include="Source\WinMain.cpp">
      <Filter>Source</Filter>
    </ClCompile>
    <ClCompile Include="Source\Engine\Engine.cpp">
      <Filter>Source\Engine</Filter>
    </ClCompile>
    <ClCompile Include="Source\Engine\Camera\Camera.cpp">
      <Filter>Source\Engine\Camera</Filter>
    </ClCompile>
    <ClCompile Include="Source\Engine\Externals\imgui\imgui.cpp">
      <Filter>Source\Engine\Externals\imgui</Filter>
    </ClCompile>
    <ClCompile Include="Source\Engine\Externals\imgui\imgui_demo.cpp">
      <Filter>Source\Engine\Externals\imgui</Filter>
    </ClCompile>
    <ClCompile Include="Source\Engine\Externals\imgui\imgui_draw.cpp">
      <Filter>Source\Engine\Externals\imgui</Filter>
    </ClCompile>
    <ClCompile Include="Source\Engine\Externals\imgui\imgui_impl_dx12.cpp">
      <Filter>Source\Engine\Externals\imgui</Filter>
    </ClCompile>
    <ClCompile Include="Source\Engine\Externals\imgui\imgui_impl_win32.cpp">
      <Filter>Source\Engine\Externals\imgui</Filter>
    </ClCompile>
    <ClCompile Include="Source\Engine\Externals\imgui\imgui_tables.cpp">
      <Filter>Source\Engine\Externals\imgui</Filter>
    </ClCompile>
    <ClCompile Include="Source\Engine\Externals\imgui\imgui_widgets.cpp">
      <Filter>Source\Engine\Externals\imgui</Filter>
    </ClCompile>
    <ClCompile Include="Source\Engine\ImGuiManager\ImGuiManager.cpp">
      <Filter>Source\Engine\ImGuiManager</Filter>
    </ClCompile>
    <ClCompile Include="Source\Engine\Input\Input.cpp">
      <Filter>Source\Engine\Input</Filter>
    </ClCompile>
    <ClCompile Include="Source\Engine\Lib\Console\Console.cpp">
      <Filter>Source\Engine\Lib\Console</Filter>
    </ClCompile>
    <ClCompile Include="Source\Engine\Lib\Console\ConVar.cpp">
      <Filter>Source\Engine\Lib\Console</Filter>
    </ClCompile>
    <ClCompile Include="Source\Engine\Lib\Console\ConVarManager.cpp">
      <Filter>Source\Engine\Lib\Console</Filter>
    </ClCompile>
    <ClCompile Include="Source\Engine\Lib\Math\MathLib.cpp">
      <Filter>Source\Engine\Lib\Math</Filter>
    </ClCompile>
    <ClCompile Include="Source\Engine\Lib\Math\Matrix\Mat4.cpp">
      <Filter>Source\Engine\Lib\Math\Matrix</Filter>
    </ClCompile>
    <ClCompile Include="Source\Engine\Lib\Math\Random\Random.cpp">
      <Filter>Source\Engine\Lib\Math\Random</Filter>
    </ClCompile>
    <ClCompile Include="Source\Engine\Lib\Math\Vector\Vec2.cpp">
      <Filter>Source\Engine\Lib\Math\Vector</Filter>
    </ClCompile>
    <ClCompile Include="Source\Engine\Lib\Math\Vector\Vec3.cpp">
      <Filter>Source\Engine\Lib\Math\Vector</Filter>
    </ClCompile>
    <ClCompile Include="Source\Engine\Lib\Structs\Structs.cpp">
      <Filter>Source\Engine\Lib\Structs</Filter>
    </ClCompile>
    <ClCompile Include="Source\Engine\Lib\Timer\EngineTimer.cpp">
      <Filter>Source\Engine\Lib\Timer</Filter>
    </ClCompile>
    <ClCompile Include="Source\Engine\Model\Model.cpp">
      <Filter>Source\Engine\Model</Filter>
    </ClCompile>
    <ClCompile Include="Source\Engine\Model\ModelCommon.cpp">
      <Filter>Source\Engine\Model</Filter>
    </ClCompile>
    <ClCompile Include="Source\Engine\Model\ModelManager.cpp">
      <Filter>Source\Engine\Model</Filter>
    </ClCompile>
    <ClCompile Include="Source\Engine\Object3D\Object3D.cpp">
      <Filter>Source\Engine\Object3D</Filter>
    </ClCompile>
    <ClCompile Include="Source\Engine\Object3D\Object3DCommon.cpp">
      <Filter>Source\Engine\Object3D</Filter>
    </ClCompile>
    <ClCompile Include="Source\Engine\Objects\Empty.cpp">
      <Filter>Source\Engine\Objects</Filter>
    </ClCompile>
    <ClCompile Include="Source\Engine\Particle\ParticleCommon.cpp">
      <Filter>Source\Engine\Particle</Filter>
    </ClCompile>
    <ClCompile Include="Source\Engine\Particle\ParticleObject.cpp">
      <Filter>Source\Engine\Particle</Filter>
    </ClCompile>
    <ClCompile Include="Source\Engine\Renderer\ConstantBuffer.cpp">
      <Filter>Source\Engine\Renderer</Filter>
    </ClCompile>
    <ClCompile Include="Source\Engine\Renderer\D3D12.cpp">
      <Filter>Source\Engine\Renderer</Filter>
    </ClCompile>
    <ClCompile Include="Source\Engine\Renderer\DescriptorManager.cpp">
      <Filter>Source\Engine\Renderer</Filter>
    </ClCompile>
    <ClCompile Include="Source\Engine\Renderer\DirectX12.cpp">
      <Filter>Source\Engine\Renderer</Filter>
    </ClCompile>
    <ClCompile Include="Source\Engine\Renderer\IndexBuffer.cpp">
      <Filter>Source\Engine\Renderer</Filter>
    </ClCompile>
    <ClCompile Include="Source\Engine\Renderer\PipelineState.cpp">
      <Filter>Source\Engine\Renderer</Filter>
    </ClCompile>
    <ClCompile Include="Source\Engine\Renderer\RootSignature.cpp">
      <Filter>Source\Engine\Renderer</Filter>
    </ClCompile>
    <ClCompile Include="Source\Engine\Renderer\RootSignatureManager.cpp">
      <Filter>Source\Engine\Renderer</Filter>
    </ClCompile>
    <ClCompile Include="Source\Engine\Renderer\SrvManager.cpp">
      <Filter>Source\Engine\Renderer</Filter>
    </ClCompile>
    <ClCompile Include="Source\Engine\Renderer\Swapchain.cpp">
      <Filter>Source\Engine\Renderer</Filter>
    </ClCompile>
    <ClCompile Include="Source\Engine\Renderer\VertexBuffer.cpp">
      <Filter>Source\Engine\Renderer</Filter>
    </ClCompile>
    <ClCompile Include="Source\Engine\Sprite\Sprite.cpp">
      <Filter>Source\Engine\Sprite</Filter>
    </ClCompile>
    <ClCompile Include="Source\Engine\Sprite\SpriteCommon.cpp">
      <Filter>Source\Engine\Sprite</Filter>
    </ClCompile>
    <ClCompile Include="Source\Engine\TextureManager\TextureManager.cpp">
      <Filter>Source\Engine\TextureManager</Filter>
    </ClCompile>
    <ClCompile Include="Source\Engine\Window\Window.cpp">
      <Filter>Source\Engine\Window</Filter>
    </ClCompile>
    <ClCompile Include="Source\Engine\Window\WindowsUtils.cpp">
      <Filter>Source\Engine\Window</Filter>
    </ClCompile>
    <ClCompile Include="Source\Game\GameScene.cpp">
      <Filter>Source\Game</Filter>
    </ClCompile>
  </ItemGroup>
  <ItemGroup>
    <FxCompile Include="Source\Engine\Shaders\Object3d.PS.hlsl" />
    <FxCompile Include="Source\Engine\Shaders\Object3d.VS.hlsl" />
  </ItemGroup>
  <ItemGroup>
    <None Include=".editorconfig" />
    <None Include="Source\Engine\Shaders\Object3d.hlsli" />
  </ItemGroup>
  <ItemGroup>
    <Text Include="Source\Engine\Externals\imgui\LICENSE.txt" />
  </ItemGroup>
</Project>